
Microsoft Visual Studio Solution File, Format Version 12.00
# Visual Studio Version 16
VisualStudioVersion = 16.0.32901.82
MinimumVisualStudioVersion = 10.0.40219.1
Project("{8BC9CEB8-8B4A-11D0-8D11-00A0C91BC942}") = "prodos", "prodos.vcxproj", "{8C7D2412-52C5-4C68-9E93-5718CD84F857}"
EndProject
Global
	GlobalSection(SolutionConfigurationPlatforms) = preSolution
		Debug|x64 = Debug|x64
		Debug|x86 = Debug|x86
		Release|x64 = Release|x64
		Release|x86 = Release|x86
	EndGlobalSection
	GlobalSection(ProjectConfigurationPlatforms) = postSolution
		{8C7D2412-52C5-4C68-9E93-5718CD84F857}.Debug|x64.ActiveCfg = Debug|x64
		{8C7D2412-52C5-4C68-9E93-5718CD84F857}.Debug|x64.Build.0 = Debug|x64
		{8C7D2412-52C5-4C68-9E93-5718CD84F857}.Debug|x86.ActiveCfg = Debug|Win32
		{8C7D2412-52C5-4C68-9E93-5718CD84F857}.Debug|x86.Build.0 = Debug|Win32
		{8C7D2412-52C5-4C68-9E93-5718CD84F857}.Release|x64.ActiveCfg = Release|x64
		{8C7D2412-52C5-4C68-9E93-5718CD84F857}.Release|x64.Build.0 = Release|x64
		{8C7D2412-52C5-4C68-9E93-5718CD84F857}.Release|x86.ActiveCfg = Release|Win32
		{8C7D2412-52C5-4C68-9E93-5718CD84F857}.Release|x86.Build.0 = Release|Win32
	EndGlobalSection
	GlobalSection(SolutionProperties) = preSolution
		HideSolutionNode = FALSE
	EndGlobalSection
	GlobalSection(ExtensibilityGlobals) = postSolution
		SolutionGuid = {8923A54A-E6C1-41E7-9819-9EB954210DA3}
	EndGlobalSection
EndGlobal
